
Microsoft Visual Studio Solution File, Format Version 12.00
# Visual Studio 15
VisualStudioVersion = 15.0.27130.2027
MinimumVisualStudioVersion = 10.0.40219.1
Project("{FAE04EC0-301F-11D3-BF4B-00C04F79EFBC}") = "Lecture_67_Exercises_Strings", "Lecture_67_Exercises_Strings\Lecture_67_Exercises_Strings.csproj", "{72950CF8-AF54-4731-8A0E-E37788D90AB4}"
EndProject
Global
	GlobalSection(SolutionConfigurationPlatforms) = preSolution
		Debug|Any CPU = Debug|Any CPU
		Release|Any CPU = Release|Any CPU
	EndGlobalSection
	GlobalSection(ProjectConfigurationPlatforms) = postSolution
		{72950CF8-AF54-4731-8A0E-E37788D90AB4}.Debug|Any CPU.ActiveCfg = Debug|Any CPU
		{72950CF8-AF54-4731-8A0E-E37788D90AB4}.Debug|Any CPU.Build.0 = Debug|Any CPU
		{72950CF8-AF54-4731-8A0E-E37788D90AB4}.Release|Any CPU.ActiveCfg = Release|Any CPU
		{72950CF8-AF54-4731-8A0E-E37788D90AB4}.Release|Any CPU.Build.0 = Release|Any CPU
	EndGlobalSection
	GlobalSection(SolutionProperties) = preSolution
		HideSolutionNode = FALSE
	EndGlobalSection
	GlobalSection(ExtensibilityGlobals) = postSolution
		SolutionGuid = {26D94F70-D7DF-4BC2-8B7D-09B578DA77A0}
	EndGlobalSection
EndGlobal
